
Microsoft Visual Studio Solution File, Format Version 12.00
Project("{FAE04EC0-301F-11D3-BF4B-00C04F79EFBC}") = "PackageExperiment", "PackageExperiment\PackageExperiment.csproj", "{DDC78B9D-72D2-424A-84D6-DACC2C62150C}"
EndProject
Project("{FAE04EC0-301F-11D3-BF4B-00C04F79EFBC}") = "PackageExperimentTests", "PackageExperimentTests\PackageExperimentTests.csproj", "{EB492304-D45B-459F-9EF9-BFCD01FA31DE}"
EndProject
Global
	GlobalSection(SolutionConfigurationPlatforms) = preSolution
		Debug|Any CPU = Debug|Any CPU
		Release|Any CPU = Release|Any CPU
	EndGlobalSection
	GlobalSection(ProjectConfigurationPlatforms) = postSolution
		{DDC78B9D-72D2-424A-84D6-DACC2C62150C}.Debug|Any CPU.ActiveCfg = Debug|Any CPU
		{DDC78B9D-72D2-424A-84D6-DACC2C62150C}.Debug|Any CPU.Build.0 = Debug|Any CPU
		{DDC78B9D-72D2-424A-84D6-DACC2C62150C}.Release|Any CPU.ActiveCfg = Release|Any CPU
		{DDC78B9D-72D2-424A-84D6-DACC2C62150C}.Release|Any CPU.Build.0 = Release|Any CPU
		{EB492304-D45B-459F-9EF9-BFCD01FA31DE}.Debug|Any CPU.ActiveCfg = Debug|Any CPU
		{EB492304-D45B-459F-9EF9-BFCD01FA31DE}.Debug|Any CPU.Build.0 = Debug|Any CPU
		{EB492304-D45B-459F-9EF9-BFCD01FA31DE}.Release|Any CPU.ActiveCfg = Release|Any CPU
		{EB492304-D45B-459F-9EF9-BFCD01FA31DE}.Release|Any CPU.Build.0 = Release|Any CPU
	EndGlobalSection
EndGlobal
